
Microsoft Visual Studio Solution File, Format Version 12.00
# Visual Studio Version 17
VisualStudioVersion = 17.14.36109.1
MinimumVisualStudioVersion = 10.0.40219.1
Project("{8BC9CEB8-8B4A-11D0-8D11-00A0C91BC942}") = "ArrayList", "List\ArrayList\ArrayList.vcxproj", "{2A060A64-E616-450F-9135-63CE71A4992F}"
EndProject
Project("{8BC9CEB8-8B4A-11D0-8D11-00A0C91BC942}") = "DataStructure01", "List\Cdatastructure\Cdatastructure.vcxproj", "{10052305-1D78-45C4-947F-1A0A0BADFED7}"
EndProject
Project("{8BC9CEB8-8B4A-11D0-8D11-00A0C91BC942}") = "CircularLinkedList", "List\CircularLinkedList\CircularLinkedList.vcxproj", "{95D50928-1924-4B65-9491-0BE3504C46CC}"
EndProject
Project("{8BC9CEB8-8B4A-11D0-8D11-00A0C91BC942}") = "CouMon", "List\CouMon\CouMon.vcxproj", "{0F9BE132-2E3D-4F61-9F43-00F1AF41A3EC}"
EndProject
Project("{8BC9CEB8-8B4A-11D0-8D11-00A0C91BC942}") = "DoublyLinkedList", "List\DoublyLinkedList\DoublyLinkedList.vcxproj", "{CB1F04DC-0283-42F1-85AE-E19957C6F253}"
EndProject
Project("{8BC9CEB8-8B4A-11D0-8D11-00A0C91BC942}") = "LinkedList", "List\LinkedList\LinkedList.vcxproj", "{F2C7741D-4AA1-4A7D-B8D3-5E00A60F66BA}"
EndProject
Project("{8BC9CEB8-8B4A-11D0-8D11-00A0C91BC942}") = "ArrayStack", "Stack\ArrayStack\ArrayStack.vcxproj", "{EB56DD1C-E2C9-424D-8721-3C889B69E6C3}"
EndProject
Project("{8BC9CEB8-8B4A-11D0-8D11-00A0C91BC942}") = "LinkedStack", "Stack\LinkedStack\LinkedStack.vcxproj", "{46F9A956-548D-4521-9BAC-EFC640C2E02A}"
EndProject
Project("{8BC9CEB8-8B4A-11D0-8D11-00A0C91BC942}") = "StackCalculator", "Stack\StackCalculator\StackCalculator.vcxproj", "{375D30CD-F752-4E61-8B5B-C91BF25317D3}"
EndProject
Project("{8BC9CEB8-8B4A-11D0-8D11-00A0C91BC942}") = "CircularQueue", "Queue\CircularQueue\CircularQueue.vcxproj", "{F382F630-B9C9-40B8-B428-62E4DAA73A0B}"
EndProject
Project("{8BC9CEB8-8B4A-11D0-8D11-00A0C91BC942}") = "LinkedQueue", "Queue\LinkedQueue\LinkedQueue.vcxproj", "{90CB8D74-D7D5-461E-83AB-5A35BD07E2A4}"
EndProject
Project("{8BC9CEB8-8B4A-11D0-8D11-00A0C91BC942}") = "BinaryTree", "Tree\BinaryTree\BinaryTree.vcxproj", "{343BADC3-4AB2-43E9-9271-1CC2F581B234}"
EndProject
Project("{8BC9CEB8-8B4A-11D0-8D11-00A0C91BC942}") = "PriorityQueue", "Queue\PriorityQueue\PriorityQueue.vcxproj", "{B603723A-6417-4B80-9AAE-5390699FEAE8}"
EndProject
Project("{8BC9CEB8-8B4A-11D0-8D11-00A0C91BC942}") = "ExpressionTree", "Tree\ExpressionTree\ExpressionTree.vcxproj", "{C55663EA-38C5-4009-B2A9-755DAA43B950}"
EndProject
Project("{8BC9CEB8-8B4A-11D0-8D11-00A0C91BC942}") = "Sorting", "Sorting\Sorting.vcxproj", "{B52274E6-23CA-4CCB-95DC-E741FBFE8FD0}"
EndProject
Project("{8BC9CEB8-8B4A-11D0-8D11-00A0C91BC942}") = "InterpolationSearch", "Search\InterpolationSearch\InterpolationSearch.vcxproj", "{8C1A23CA-DC78-4FC7-91FC-CD0814FF3FB1}"
EndProject
Project("{8BC9CEB8-8B4A-11D0-8D11-00A0C91BC942}") = "BinarySearchTree", "Search\BinarySearchTree\BinarySearchTree.vcxproj", "{55EA5678-2C9E-4103-A007-3782226B29B3}"
EndProject
Project("{8BC9CEB8-8B4A-11D0-8D11-00A0C91BC942}") = "AVLTree", "Tree\AVLTree\AVLTree.vcxproj", "{6AFB78F6-CBA4-4469-8E26-B972C6509374}"
EndProject
Project("{8BC9CEB8-8B4A-11D0-8D11-00A0C91BC942}") = "HashTable", "Table\HashTable\HashTable.vcxproj", "{82A083E2-E1B4-46F9-A721-118A060359D5}"
EndProject
Project("{8BC9CEB8-8B4A-11D0-8D11-00A0C91BC942}") = "Graph", "Graph\Graph.vcxproj", "{9BFD49D9-F1E6-4D13-B1B4-C0A8B326CC63}"
EndProject
Global
	GlobalSection(SolutionConfigurationPlatforms) = preSolution
		Debug|x64 = Debug|x64
		Debug|x86 = Debug|x86
		Release|x64 = Release|x64
		Release|x86 = Release|x86
	EndGlobalSection
	GlobalSection(ProjectConfigurationPlatforms) = postSolution
		{2A060A64-E616-450F-9135-63CE71A4992F}.Debug|x64.ActiveCfg = Debug|x64
		{2A060A64-E616-450F-9135-63CE71A4992F}.Debug|x64.Build.0 = Debug|x64
		{2A060A64-E616-450F-9135-63CE71A4992F}.Debug|x86.ActiveCfg = Debug|Win32
		{2A060A64-E616-450F-9135-63CE71A4992F}.Debug|x86.Build.0 = Debug|Win32
		{2A060A64-E616-450F-9135-63CE71A4992F}.Release|x64.ActiveCfg = Release|x64
		{2A060A64-E616-450F-9135-63CE71A4992F}.Release|x64.Build.0 = Release|x64
		{2A060A64-E616-450F-9135-63CE71A4992F}.Release|x86.ActiveCfg = Release|Win32
		{2A060A64-E616-450F-9135-63CE71A4992F}.Release|x86.Build.0 = Release|Win32
		{10052305-1D78-45C4-947F-1A0A0BADFED7}.Debug|x64.ActiveCfg = Debug|x64
		{10052305-1D78-45C4-947F-1A0A0BADFED7}.Debug|x64.Build.0 = Debug|x64
		{10052305-1D78-45C4-947F-1A0A0BADFED7}.Debug|x86.ActiveCfg = Debug|Win32
		{10052305-1D78-45C4-947F-1A0A0BADFED7}.Debug|x86.Build.0 = Debug|Win32
		{10052305-1D78-45C4-947F-1A0A0BADFED7}.Release|x64.ActiveCfg = Release|x64
		{10052305-1D78-45C4-947F-1A0A0BADFED7}.Release|x64.Build.0 = Release|x64
		{10052305-1D78-45C4-947F-1A0A0BADFED7}.Release|x86.ActiveCfg = Release|Win32
		{10052305-1D78-45C4-947F-1A0A0BADFED7}.Release|x86.Build.0 = Release|Win32
		{95D50928-1924-4B65-9491-0BE3504C46CC}.Debug|x64.ActiveCfg = Debug|x64
		{95D50928-1924-4B65-9491-0BE3504C46CC}.Debug|x64.Build.0 = Debug|x64
		{95D50928-1924-4B65-9491-0BE3504C46CC}.Debug|x86.ActiveCfg = Debug|Win32
		{95D50928-1924-4B65-9491-0BE3504C46CC}.Debug|x86.Build.0 = Debug|Win32
		{95D50928-1924-4B65-9491-0BE3504C46CC}.Release|x64.ActiveCfg = Release|x64
		{95D50928-1924-4B65-9491-0BE3504C46CC}.Release|x64.Build.0 = Release|x64
		{95D50928-1924-4B65-9491-0BE3504C46CC}.Release|x86.ActiveCfg = Release|Win32
		{95D50928-1924-4B65-9491-0BE3504C46CC}.Release|x86.Build.0 = Release|Win32
		{0F9BE132-2E3D-4F61-9F43-00F1AF41A3EC}.Debug|x64.ActiveCfg = Debug|x64
		{0F9BE132-2E3D-4F61-9F43-00F1AF41A3EC}.Debug|x64.Build.0 = Debug|x64
		{0F9BE132-2E3D-4F61-9F43-00F1AF41A3EC}.Debug|x86.ActiveCfg = Debug|Win32
		{0F9BE132-2E3D-4F61-9F43-00F1AF41A3EC}.Debug|x86.Build.0 = Debug|Win32
		{0F9BE132-2E3D-4F61-9F43-00F1AF41A3EC}.Release|x64.ActiveCfg = Release|x64
		{0F9BE132-2E3D-4F61-9F43-00F1AF41A3EC}.Release|x64.Build.0 = Release|x64
		{0F9BE132-2E3D-4F61-9F43-00F1AF41A3EC}.Release|x86.ActiveCfg = Release|Win32
		{0F9BE132-2E3D-4F61-9F43-00F1AF41A3EC}.Release|x86.Build.0 = Release|Win32
		{CB1F04DC-0283-42F1-85AE-E19957C6F253}.Debug|x64.ActiveCfg = Debug|x64
		{CB1F04DC-0283-42F1-85AE-E19957C6F253}.Debug|x64.Build.0 = Debug|x64
		{CB1F04DC-0283-42F1-85AE-E19957C6F253}.Debug|x86.ActiveCfg = Debug|Win32
		{CB1F04DC-0283-42F1-85AE-E19957C6F253}.Debug|x86.Build.0 = Debug|Win32
		{CB1F04DC-0283-42F1-85AE-E19957C6F253}.Release|x64.ActiveCfg = Release|x64
		{CB1F04DC-0283-42F1-85AE-E19957C6F253}.Release|x64.Build.0 = Release|x64
		{CB1F04DC-0283-42F1-85AE-E19957C6F253}.Release|x86.ActiveCfg = Release|Win32
		{CB1F04DC-0283-42F1-85AE-E19957C6F253}.Release|x86.Build.0 = Release|Win32
		{F2C7741D-4AA1-4A7D-B8D3-5E00A60F66BA}.Debug|x64.ActiveCfg = Debug|x64
		{F2C7741D-4AA1-4A7D-B8D3-5E00A60F66BA}.Debug|x64.Build.0 = Debug|x64
		{F2C7741D-4AA1-4A7D-B8D3-5E00A60F66BA}.Debug|x86.ActiveCfg = Debug|Win32
		{F2C7741D-4AA1-4A7D-B8D3-5E00A60F66BA}.Debug|x86.Build.0 = Debug|Win32
		{F2C7741D-4AA1-4A7D-B8D3-5E00A60F66BA}.Release|x64.ActiveCfg = Release|x64
		{F2C7741D-4AA1-4A7D-B8D3-5E00A60F66BA}.Release|x64.Build.0 = Release|x64
		{F2C7741D-4AA1-4A7D-B8D3-5E00A60F66BA}.Release|x86.ActiveCfg = Release|Win32
		{F2C7741D-4AA1-4A7D-B8D3-5E00A60F66BA}.Release|x86.Build.0 = Release|Win32
		{EB56DD1C-E2C9-424D-8721-3C889B69E6C3}.Debug|x64.ActiveCfg = Debug|x64
		{EB56DD1C-E2C9-424D-8721-3C889B69E6C3}.Debug|x64.Build.0 = Debug|x64
		{EB56DD1C-E2C9-424D-8721-3C889B69E6C3}.Debug|x86.ActiveCfg = Debug|Win32
		{EB56DD1C-E2C9-424D-8721-3C889B69E6C3}.Debug|x86.Build.0 = Debug|Win32
		{EB56DD1C-E2C9-424D-8721-3C889B69E6C3}.Release|x64.ActiveCfg = Release|x64
		{EB56DD1C-E2C9-424D-8721-3C889B69E6C3}.Release|x64.Build.0 = Release|x64
		{EB56DD1C-E2C9-424D-8721-3C889B69E6C3}.Release|x86.ActiveCfg = Release|Win32
		{EB56DD1C-E2C9-424D-8721-3C889B69E6C3}.Release|x86.Build.0 = Release|Win32
		{46F9A956-548D-4521-9BAC-EFC640C2E02A}.Debug|x64.ActiveCfg = Debug|x64
		{46F9A956-548D-4521-9BAC-EFC640C2E02A}.Debug|x64.Build.0 = Debug|x64
		{46F9A956-548D-4521-9BAC-EFC640C2E02A}.Debug|x86.ActiveCfg = Debug|Win32
		{46F9A956-548D-4521-9BAC-EFC640C2E02A}.Debug|x86.Build.0 = Debug|Win32
		{46F9A956-548D-4521-9BAC-EFC640C2E02A}.Release|x64.ActiveCfg = Release|x64
		{46F9A956-548D-4521-9BAC-EFC640C2E02A}.Release|x64.Build.0 = Release|x64
		{46F9A956-548D-4521-9BAC-EFC640C2E02A}.Release|x86.ActiveCfg = Release|Win32
		{46F9A956-548D-4521-9BAC-EFC640C2E02A}.Release|x86.Build.0 = Release|Win32
		{375D30CD-F752-4E61-8B5B-C91BF25317D3}.Debug|x64.ActiveCfg = Debug|x64
		{375D30CD-F752-4E61-8B5B-C91BF25317D3}.Debug|x64.Build.0 = Debug|x64
		{375D30CD-F752-4E61-8B5B-C91BF25317D3}.Debug|x86.ActiveCfg = Debug|Win32
		{375D30CD-F752-4E61-8B5B-C91BF25317D3}.Debug|x86.Build.0 = Debug|Win32
		{375D30CD-F752-4E61-8B5B-C91BF25317D3}.Release|x64.ActiveCfg = Release|x64
		{375D30CD-F752-4E61-8B5B-C91BF25317D3}.Release|x64.Build.0 = Release|x64
		{375D30CD-F752-4E61-8B5B-C91BF25317D3}.Release|x86.ActiveCfg = Release|Win32
		{375D30CD-F752-4E61-8B5B-C91BF25317D3}.Release|x86.Build.0 = Release|Win32
		{F382F630-B9C9-40B8-B428-62E4DAA73A0B}.Debug|x64.ActiveCfg = Debug|x64
		{F382F630-B9C9-40B8-B428-62E4DAA73A0B}.Debug|x64.Build.0 = Debug|x64
		{F382F630-B9C9-40B8-B428-62E4DAA73A0B}.Debug|x86.ActiveCfg = Debug|Win32
		{F382F630-B9C9-40B8-B428-62E4DAA73A0B}.Debug|x86.Build.0 = Debug|Win32
		{F382F630-B9C9-40B8-B428-62E4DAA73A0B}.Release|x64.ActiveCfg = Release|x64
		{F382F630-B9C9-40B8-B428-62E4DAA73A0B}.Release|x64.Build.0 = Release|x64
		{F382F630-B9C9-40B8-B428-62E4DAA73A0B}.Release|x86.ActiveCfg = Release|Win32
		{F382F630-B9C9-40B8-B428-62E4DAA73A0B}.Release|x86.Build.0 = Release|Win32
		{90CB8D74-D7D5-461E-83AB-5A35BD07E2A4}.Debug|x64.ActiveCfg = Debug|x64
		{90CB8D74-D7D5-461E-83AB-5A35BD07E2A4}.Debug|x64.Build.0 = Debug|x64
		{90CB8D74-D7D5-461E-83AB-5A35BD07E2A4}.Debug|x86.ActiveCfg = Debug|Win32
		{90CB8D74-D7D5-461E-83AB-5A35BD07E2A4}.Debug|x86.Build.0 = Debug|Win32
		{90CB8D74-D7D5-461E-83AB-5A35BD07E2A4}.Release|x64.ActiveCfg = Release|x64
		{90CB8D74-D7D5-461E-83AB-5A35BD07E2A4}.Release|x64.Build.0 = Release|x64
		{90CB8D74-D7D5-461E-83AB-5A35BD07E2A4}.Release|x86.ActiveCfg = Release|Win32
		{90CB8D74-D7D5-461E-83AB-5A35BD07E2A4}.Release|x86.Build.0 = Release|Win32
		{343BADC3-4AB2-43E9-9271-1CC2F581B234}.Debug|x64.ActiveCfg = Debug|x64
		{343BADC3-4AB2-43E9-9271-1CC2F581B234}.Debug|x64.Build.0 = Debug|x64
		{343BADC3-4AB2-43E9-9271-1CC2F581B234}.Debug|x86.ActiveCfg = Debug|Win32
		{343BADC3-4AB2-43E9-9271-1CC2F581B234}.Debug|x86.Build.0 = Debug|Win32
		{343BADC3-4AB2-43E9-9271-1CC2F581B234}.Release|x64.ActiveCfg = Release|x64
		{343BADC3-4AB2-43E9-9271-1CC2F581B234}.Release|x64.Build.0 = Release|x64
		{343BADC3-4AB2-43E9-9271-1CC2F581B234}.Release|x86.ActiveCfg = Release|Win32
		{343BADC3-4AB2-43E9-9271-1CC2F581B234}.Release|x86.Build.0 = Release|Win32
		{B603723A-6417-4B80-9AAE-5390699FEAE8}.Debug|x64.ActiveCfg = Debug|x64
		{B603723A-6417-4B80-9AAE-5390699FEAE8}.Debug|x64.Build.0 = Debug|x64
		{B603723A-6417-4B80-9AAE-5390699FEAE8}.Debug|x86.ActiveCfg = Debug|Win32
		{B603723A-6417-4B80-9AAE-5390699FEAE8}.Debug|x86.Build.0 = Debug|Win32
		{B603723A-6417-4B80-9AAE-5390699FEAE8}.Release|x64.ActiveCfg = Release|x64
		{B603723A-6417-4B80-9AAE-5390699FEAE8}.Release|x64.Build.0 = Release|x64
		{B603723A-6417-4B80-9AAE-5390699FEAE8}.Release|x86.ActiveCfg = Release|Win32
		{B603723A-6417-4B80-9AAE-5390699FEAE8}.Release|x86.Build.0 = Release|Win32
		{C55663EA-38C5-4009-B2A9-755DAA43B950}.Debug|x64.ActiveCfg = Debug|x64
		{C55663EA-38C5-4009-B2A9-755DAA43B950}.Debug|x64.Build.0 = Debug|x64
		{C55663EA-38C5-4009-B2A9-755DAA43B950}.Debug|x86.ActiveCfg = Debug|Win32
		{C55663EA-38C5-4009-B2A9-755DAA43B950}.Debug|x86.Build.0 = Debug|Win32
		{C55663EA-38C5-4009-B2A9-755DAA43B950}.Release|x64.ActiveCfg = Release|x64
		{C55663EA-38C5-4009-B2A9-755DAA43B950}.Release|x64.Build.0 = Release|x64
		{C55663EA-38C5-4009-B2A9-755DAA43B950}.Release|x86.ActiveCfg = Release|Win32
		{C55663EA-38C5-4009-B2A9-755DAA43B950}.Release|x86.Build.0 = Release|Win32
		{B52274E6-23CA-4CCB-95DC-E741FBFE8FD0}.Debug|x64.ActiveCfg = Debug|x64
		{B52274E6-23CA-4CCB-95DC-E741FBFE8FD0}.Debug|x64.Build.0 = Debug|x64
		{B52274E6-23CA-4CCB-95DC-E741FBFE8FD0}.Debug|x86.ActiveCfg = Debug|Win32
		{B52274E6-23CA-4CCB-95DC-E741FBFE8FD0}.Debug|x86.Build.0 = Debug|Win32
		{B52274E6-23CA-4CCB-95DC-E741FBFE8FD0}.Release|x64.ActiveCfg = Release|x64
		{B52274E6-23CA-4CCB-95DC-E741FBFE8FD0}.Release|x64.Build.0 = Release|x64
		{B52274E6-23CA-4CCB-95DC-E741FBFE8FD0}.Release|x86.ActiveCfg = Release|Win32
		{B52274E6-23CA-4CCB-95DC-E741FBFE8FD0}.Release|x86.Build.0 = Release|Win32
		{8C1A23CA-DC78-4FC7-91FC-CD0814FF3FB1}.Debug|x64.ActiveCfg = Debug|x64
		{8C1A23CA-DC78-4FC7-91FC-CD0814FF3FB1}.Debug|x64.Build.0 = Debug|x64
		{8C1A23CA-DC78-4FC7-91FC-CD0814FF3FB1}.Debug|x86.ActiveCfg = Debug|Win32
		{8C1A23CA-DC78-4FC7-91FC-CD0814FF3FB1}.Debug|x86.Build.0 = Debug|Win32
		{8C1A23CA-DC78-4FC7-91FC-CD0814FF3FB1}.Release|x64.ActiveCfg = Release|x64
		{8C1A23CA-DC78-4FC7-91FC-CD0814FF3FB1}.Release|x64.Build.0 = Release|x64
		{8C1A23CA-DC78-4FC7-91FC-CD0814FF3FB1}.Release|x86.ActiveCfg = Release|Win32
		{8C1A23CA-DC78-4FC7-91FC-CD0814FF3FB1}.Release|x86.Build.0 = Release|Win32
		{55EA5678-2C9E-4103-A007-3782226B29B3}.Debug|x64.ActiveCfg = Debug|x64
		{55EA5678-2C9E-4103-A007-3782226B29B3}.Debug|x64.Build.0 = Debug|x64
		{55EA5678-2C9E-4103-A007-3782226B29B3}.Debug|x86.ActiveCfg = Debug|Win32
		{55EA5678-2C9E-4103-A007-3782226B29B3}.Debug|x86.Build.0 = Debug|Win32
		{55EA5678-2C9E-4103-A007-3782226B29B3}.Release|x64.ActiveCfg = Release|x64
		{55EA5678-2C9E-4103-A007-3782226B29B3}.Release|x64.Build.0 = Release|x64
		{55EA5678-2C9E-4103-A007-3782226B29B3}.Release|x86.ActiveCfg = Release|Win32
		{55EA5678-2C9E-4103-A007-3782226B29B3}.Release|x86.Build.0 = Release|Win32
		{6AFB78F6-CBA4-4469-8E26-B972C6509374}.Debug|x64.ActiveCfg = Debug|x64
		{6AFB78F6-CBA4-4469-8E26-B972C6509374}.Debug|x64.Build.0 = Debug|x64
		{6AFB78F6-CBA4-4469-8E26-B972C6509374}.Debug|x86.ActiveCfg = Debug|Win32
		{6AFB78F6-CBA4-4469-8E26-B972C6509374}.Debug|x86.Build.0 = Debug|Win32
		{6AFB78F6-CBA4-4469-8E26-B972C6509374}.Release|x64.ActiveCfg = Release|x64
		{6AFB78F6-CBA4-4469-8E26-B972C6509374}.Release|x64.Build.0 = Release|x64
		{6AFB78F6-CBA4-4469-8E26-B972C6509374}.Release|x86.ActiveCfg = Release|Win32
		{6AFB78F6-CBA4-4469-8E26-B972C6509374}.Release|x86.Build.0 = Release|Win32
		{82A083E2-E1B4-46F9-A721-118A060359D5}.Debug|x64.ActiveCfg = Debug|x64
		{82A083E2-E1B4-46F9-A721-118A060359D5}.Debug|x64.Build.0 = Debug|x64
		{82A083E2-E1B4-46F9-A721-118A060359D5}.Debug|x86.ActiveCfg = Debug|Win32
		{82A083E2-E1B4-46F9-A721-118A060359D5}.Debug|x86.Build.0 = Debug|Win32
		{82A083E2-E1B4-46F9-A721-118A060359D5}.Release|x64.ActiveCfg = Release|x64
		{82A083E2-E1B4-46F9-A721-118A060359D5}.Release|x64.Build.0 = Release|x64
		{82A083E2-E1B4-46F9-A721-118A060359D5}.Release|x86.ActiveCfg = Release|Win32
		{82A083E2-E1B4-46F9-A721-118A060359D5}.Release|x86.Build.0 = Release|Win32
		{9BFD49D9-F1E6-4D13-B1B4-C0A8B326CC63}.Debug|x64.ActiveCfg = Debug|x64
		{9BFD49D9-F1E6-4D13-B1B4-C0A8B326CC63}.Debug|x64.Build.0 = Debug|x64
		{9BFD49D9-F1E6-4D13-B1B4-C0A8B326CC63}.Debug|x86.ActiveCfg = Debug|Win32
		{9BFD49D9-F1E6-4D13-B1B4-C0A8B326CC63}.Debug|x86.Build.0 = Debug|Win32
		{9BFD49D9-F1E6-4D13-B1B4-C0A8B326CC63}.Release|x64.ActiveCfg = Release|x64
		{9BFD49D9-F1E6-4D13-B1B4-C0A8B326CC63}.Release|x64.Build.0 = Release|x64
		{9BFD49D9-F1E6-4D13-B1B4-C0A8B326CC63}.Release|x86.ActiveCfg = Release|Win32
		{9BFD49D9-F1E6-4D13-B1B4-C0A8B326CC63}.Release|x86.Build.0 = Release|Win32
	EndGlobalSection
	GlobalSection(SolutionProperties) = preSolution
		HideSolutionNode = FALSE
	EndGlobalSection
	GlobalSection(ExtensibilityGlobals) = postSolution
		SolutionGuid = {648F7B18-0654-41C3-9337-0B126A67C1BA}
	EndGlobalSection
EndGlobal
