<?xml version="1.0" encoding="utf-8"?>
<Project ToolsVersion="4.0" xmlns="http://schemas.microsoft.com/developer/msbuild/2003">
  <ItemGroup>
    <Filter Include="include">
      <UniqueIdentifier>{2fc8a87c-dfb5-404a-90d0-d87ec46cfb1b}</UniqueIdentifier>
    </Filter>
  </ItemGroup>
  <ItemGroup>
    <ClInclude Include="InfixToPostfix.h">
      <Filter>include</Filter>
    </ClInclude>
    <ClInclude Include="..\LinkedStack\ListStack.h">
      <Filter>include</Filter>
    </ClInclude>
    <ClInclude Include="StackCalculator.h">
      <Filter>include</Filter>
    </ClInclude>
  </ItemGroup>
  <ItemGroup>
    <ClCompile Include="InfixToPostfix.c" />
    <ClCompile Include="main.c" />
    <ClCompile Include="..\LinkedStack\ListStack.c" />
    <ClCompile Include="StackCalculator.c" />
  </ItemGroup>
</Project>